// !$*UTF8*$!
{
	archiveVersion = 1;
	classes = {
	};
	objectVersion = 55;
	objects = {

/* Begin PBXBuildFile section */
		11873E9C34B69B00087003A3 /* Pods_Movies.framework in Frameworks */ = {isa = PBXBuildFile; fileRef = DD5E2B517E1C6EE6EB164CE2 /* Pods_Movies.framework */; };
		34373BE7292E209D00905319 /* R.generated.swift in Sources */ = {isa = PBXBuildFile; fileRef = 34373BE6292E209D00905319 /* R.generated.swift */; };
		34373BEC292E2B3300905319 /* BaseCoordinator.swift in Sources */ = {isa = PBXBuildFile; fileRef = 34373BEB292E2B3300905319 /* BaseCoordinator.swift */; };
		34373BEE292E2B4A00905319 /* Scene.swift in Sources */ = {isa = PBXBuildFile; fileRef = 34373BED292E2B4A00905319 /* Scene.swift */; };
		34373BF0292E2B7600905319 /* AppCoordinator.swift in Sources */ = {isa = PBXBuildFile; fileRef = 34373BEF292E2B7600905319 /* AppCoordinator.swift */; };
		34373BF2292E2C5000905319 /* MoviesListCoordinator.swift in Sources */ = {isa = PBXBuildFile; fileRef = 34373BF1292E2C5000905319 /* MoviesListCoordinator.swift */; };
		34373BF5292E2F2200905319 /* RxExtensions.swift in Sources */ = {isa = PBXBuildFile; fileRef = 34373BF4292E2F2200905319 /* RxExtensions.swift */; };
		34373BF8292E2FA200905319 /* NetworkProvider.swift in Sources */ = {isa = PBXBuildFile; fileRef = 34373BF7292E2FA200905319 /* NetworkProvider.swift */; };
		34373BFA292E341500905319 /* RequestProtocol.swift in Sources */ = {isa = PBXBuildFile; fileRef = 34373BF9292E341500905319 /* RequestProtocol.swift */; };
		34373BFC292E365100905319 /* NetworkProvider+Rx.swift in Sources */ = {isa = PBXBuildFile; fileRef = 34373BFB292E365100905319 /* NetworkProvider+Rx.swift */; };
		34373BFE292E366400905319 /* NetworkResponse.swift in Sources */ = {isa = PBXBuildFile; fileRef = 34373BFD292E366400905319 /* NetworkResponse.swift */; };
		34373C00292E7EF300905319 /* MovieListItem.swift in Sources */ = {isa = PBXBuildFile; fileRef = 34373BFF292E7EF300905319 /* MovieListItem.swift */; };
		34373C02292E80CA00905319 /* MoviesAPI.swift in Sources */ = {isa = PBXBuildFile; fileRef = 34373C01292E80CA00905319 /* MoviesAPI.swift */; };
		34373C04292E83FD00905319 /* MoviesService.swift in Sources */ = {isa = PBXBuildFile; fileRef = 34373C03292E83FD00905319 /* MoviesService.swift */; };
		34373C06292E89D200905319 /* MoviesListResponse.swift in Sources */ = {isa = PBXBuildFile; fileRef = 34373C05292E89D200905319 /* MoviesListResponse.swift */; };
		34373C08292E9A2500905319 /* MoviesViewModel.swift in Sources */ = {isa = PBXBuildFile; fileRef = 34373C07292E9A2500905319 /* MoviesViewModel.swift */; };
		34373C0A292EA9C300905319 /* NoResultsCell.swift in Sources */ = {isa = PBXBuildFile; fileRef = 34373C09292EA9C300905319 /* NoResultsCell.swift */; };
		34373C0C292EB59900905319 /* MovieListCell.swift in Sources */ = {isa = PBXBuildFile; fileRef = 34373C0B292EB59900905319 /* MovieListCell.swift */; };
		3441AE09293133F40055BFBE /* MovieDetailResponse.swift in Sources */ = {isa = PBXBuildFile; fileRef = 3441AE08293133F40055BFBE /* MovieDetailResponse.swift */; };
		3441AE0B2931351B0055BFBE /* MovieDetailItem.swift in Sources */ = {isa = PBXBuildFile; fileRef = 3441AE0A2931351B0055BFBE /* MovieDetailItem.swift */; };
		344BDD91292FB76D00FC8191 /* ConfigurationResponse.swift in Sources */ = {isa = PBXBuildFile; fileRef = 344BDD90292FB76D00FC8191 /* ConfigurationResponse.swift */; };
		344BDD94292FB78000FC8191 /* Configuration.swift in Sources */ = {isa = PBXBuildFile; fileRef = 344BDD93292FB78000FC8191 /* Configuration.swift */; };
		344BDD98292FC70A00FC8191 /* ImageUrlBuilder.swift in Sources */ = {isa = PBXBuildFile; fileRef = 344BDD97292FC70A00FC8191 /* ImageUrlBuilder.swift */; };
		347C2F3C29312F55003509F0 /* MovieDetailViewModel.swift in Sources */ = {isa = PBXBuildFile; fileRef = 347C2F3B29312F55003509F0 /* MovieDetailViewModel.swift */; };
		34C52C6E2933CF0A00E772B6 /* MoviesViewController.xib in Resources */ = {isa = PBXBuildFile; fileRef = 34C52C6D2933CF0A00E772B6 /* MoviesViewController.xib */; };
		34C52C702933D28F00E772B6 /* MovieListCell.xib in Resources */ = {isa = PBXBuildFile; fileRef = 34C52C6F2933D28F00E772B6 /* MovieListCell.xib */; };
		34C52C722933D93D00E772B6 /* NoResultsCell.xib in Resources */ = {isa = PBXBuildFile; fileRef = 34C52C712933D93D00E772B6 /* NoResultsCell.xib */; };
		34C52C762933DF8100E772B6 /* MovieDetailViewController.xib in Resources */ = {isa = PBXBuildFile; fileRef = 34C52C752933DF8100E772B6 /* MovieDetailViewController.xib */; };
		34C52C792933E55900E772B6 /* LoadingViewController.swift in Sources */ = {isa = PBXBuildFile; fileRef = 34C52C782933E55900E772B6 /* LoadingViewController.swift */; };
		34C52C7B2933E57B00E772B6 /* LoadingViewController.xib in Resources */ = {isa = PBXBuildFile; fileRef = 34C52C7A2933E57B00E772B6 /* LoadingViewController.xib */; };
		34C52C7D2933E7FB00E772B6 /* ConfigurationService.swift in Sources */ = {isa = PBXBuildFile; fileRef = 34C52C7C2933E7FB00E772B6 /* ConfigurationService.swift */; };
		34C52C7F2933E80600E772B6 /* ConfigurationAPI.swift in Sources */ = {isa = PBXBuildFile; fileRef = 34C52C7E2933E80600E772B6 /* ConfigurationAPI.swift */; };
		34DE1E8C292D6B6B0083A577 /* AppDelegate.swift in Sources */ = {isa = PBXBuildFile; fileRef = 34DE1E8B292D6B6B0083A577 /* AppDelegate.swift */; };
		34DE1E90292D6B6B0083A577 /* MoviesViewController.swift in Sources */ = {isa = PBXBuildFile; fileRef = 34DE1E8F292D6B6B0083A577 /* MoviesViewController.swift */; };
		34DE1E95292D6B6C0083A577 /* Assets.xcassets in Resources */ = {isa = PBXBuildFile; fileRef = 34DE1E94292D6B6C0083A577 /* Assets.xcassets */; };
		34DE1E98292D6B6C0083A577 /* LaunchScreen.storyboard in Resources */ = {isa = PBXBuildFile; fileRef = 34DE1E96292D6B6C0083A577 /* LaunchScreen.storyboard */; };
		34E5200D2930E662003B4F7A /* MovieDetailCoordinator.swift in Sources */ = {isa = PBXBuildFile; fileRef = 34E5200C2930E662003B4F7A /* MovieDetailCoordinator.swift */; };
		34E5200F2930E8AA003B4F7A /* MovieDetailViewController.swift in Sources */ = {isa = PBXBuildFile; fileRef = 34E5200E2930E8AA003B4F7A /* MovieDetailViewController.swift */; };
/* End PBXBuildFile section */

/* Begin PBXFileReference section */
		18550ABEB1BE3E179BCB442A /* Pods-Movies.release.xcconfig */ = {isa = PBXFileReference; includeInIndex = 1; lastKnownFileType = text.xcconfig; name = "Pods-Movies.release.xcconfig"; path = "Target Support Files/Pods-Movies/Pods-Movies.release.xcconfig"; sourceTree = "<group>"; };
		34373BE6292E209D00905319 /* R.generated.swift */ = {isa = PBXFileReference; fileEncoding = 4; lastKnownFileType = sourcecode.swift; path = R.generated.swift; sourceTree = SOURCE_ROOT; };
		34373BEB292E2B3300905319 /* BaseCoordinator.swift */ = {isa = PBXFileReference; lastKnownFileType = sourcecode.swift; path = BaseCoordinator.swift; sourceTree = "<group>"; };
		34373BED292E2B4A00905319 /* Scene.swift */ = {isa = PBXFileReference; lastKnownFileType = sourcecode.swift; path = Scene.swift; sourceTree = "<group>"; };
		34373BEF292E2B7600905319 /* AppCoordinator.swift */ = {isa = PBXFileReference; lastKnownFileType = sourcecode.swift; path = AppCoordinator.swift; sourceTree = "<group>"; };
		34373BF1292E2C5000905319 /* MoviesListCoordinator.swift */ = {isa = PBXFileReference; lastKnownFileType = sourcecode.swift; path = MoviesListCoordinator.swift; sourceTree = "<group>"; };
		34373BF4292E2F2200905319 /* RxExtensions.swift */ = {isa = PBXFileReference; lastKnownFileType = sourcecode.swift; path = RxExtensions.swift; sourceTree = "<group>"; };
		34373BF7292E2FA200905319 /* NetworkProvider.swift */ = {isa = PBXFileReference; lastKnownFileType = sourcecode.swift; path = NetworkProvider.swift; sourceTree = "<group>"; };
		34373BF9292E341500905319 /* RequestProtocol.swift */ = {isa = PBXFileReference; lastKnownFileType = sourcecode.swift; path = RequestProtocol.swift; sourceTree = "<group>"; };
		34373BFB292E365100905319 /* NetworkProvider+Rx.swift */ = {isa = PBXFileReference; lastKnownFileType = sourcecode.swift; path = "NetworkProvider+Rx.swift"; sourceTree = "<group>"; };
		34373BFD292E366400905319 /* NetworkResponse.swift */ = {isa = PBXFileReference; lastKnownFileType = sourcecode.swift; path = NetworkResponse.swift; sourceTree = "<group>"; };
		34373BFF292E7EF300905319 /* MovieListItem.swift */ = {isa = PBXFileReference; lastKnownFileType = sourcecode.swift; path = MovieListItem.swift; sourceTree = "<group>"; };
		34373C01292E80CA00905319 /* MoviesAPI.swift */ = {isa = PBXFileReference; lastKnownFileType = sourcecode.swift; path = MoviesAPI.swift; sourceTree = "<group>"; };
		34373C03292E83FD00905319 /* MoviesService.swift */ = {isa = PBXFileReference; lastKnownFileType = sourcecode.swift; path = MoviesService.swift; sourceTree = "<group>"; };
		34373C05292E89D200905319 /* MoviesListResponse.swift */ = {isa = PBXFileReference; lastKnownFileType = sourcecode.swift; path = MoviesListResponse.swift; sourceTree = "<group>"; };
		34373C07292E9A2500905319 /* MoviesViewModel.swift */ = {isa = PBXFileReference; lastKnownFileType = sourcecode.swift; path = MoviesViewModel.swift; sourceTree = "<group>"; };
		34373C09292EA9C300905319 /* NoResultsCell.swift */ = {isa = PBXFileReference; lastKnownFileType = sourcecode.swift; path = NoResultsCell.swift; sourceTree = "<group>"; };
		34373C0B292EB59900905319 /* MovieListCell.swift */ = {isa = PBXFileReference; lastKnownFileType = sourcecode.swift; path = MovieListCell.swift; sourceTree = "<group>"; };
		3441AE08293133F40055BFBE /* MovieDetailResponse.swift */ = {isa = PBXFileReference; lastKnownFileType = sourcecode.swift; path = MovieDetailResponse.swift; sourceTree = "<group>"; };
		3441AE0A2931351B0055BFBE /* MovieDetailItem.swift */ = {isa = PBXFileReference; lastKnownFileType = sourcecode.swift; path = MovieDetailItem.swift; sourceTree = "<group>"; };
		344BDD90292FB76D00FC8191 /* ConfigurationResponse.swift */ = {isa = PBXFileReference; lastKnownFileType = sourcecode.swift; path = ConfigurationResponse.swift; sourceTree = "<group>"; };
		344BDD93292FB78000FC8191 /* Configuration.swift */ = {isa = PBXFileReference; lastKnownFileType = sourcecode.swift; path = Configuration.swift; sourceTree = "<group>"; };
		344BDD97292FC70A00FC8191 /* ImageUrlBuilder.swift */ = {isa = PBXFileReference; lastKnownFileType = sourcecode.swift; path = ImageUrlBuilder.swift; sourceTree = "<group>"; };
		347C2F3B29312F55003509F0 /* MovieDetailViewModel.swift */ = {isa = PBXFileReference; lastKnownFileType = sourcecode.swift; path = MovieDetailViewModel.swift; sourceTree = "<group>"; };
		34C52C6D2933CF0A00E772B6 /* MoviesViewController.xib */ = {isa = PBXFileReference; lastKnownFileType = file.xib; path = MoviesViewController.xib; sourceTree = "<group>"; };
		34C52C6F2933D28F00E772B6 /* MovieListCell.xib */ = {isa = PBXFileReference; lastKnownFileType = file.xib; path = MovieListCell.xib; sourceTree = "<group>"; };
		34C52C712933D93D00E772B6 /* NoResultsCell.xib */ = {isa = PBXFileReference; lastKnownFileType = file.xib; path = NoResultsCell.xib; sourceTree = "<group>"; };
		34C52C752933DF8100E772B6 /* MovieDetailViewController.xib */ = {isa = PBXFileReference; fileEncoding = 4; lastKnownFileType = file.xib; path = MovieDetailViewController.xib; sourceTree = "<group>"; };
		34C52C782933E55900E772B6 /* LoadingViewController.swift */ = {isa = PBXFileReference; lastKnownFileType = sourcecode.swift; path = LoadingViewController.swift; sourceTree = "<group>"; };
		34C52C7A2933E57B00E772B6 /* LoadingViewController.xib */ = {isa = PBXFileReference; lastKnownFileType = file.xib; path = LoadingViewController.xib; sourceTree = "<group>"; };
		34C52C7C2933E7FB00E772B6 /* ConfigurationService.swift */ = {isa = PBXFileReference; lastKnownFileType = sourcecode.swift; path = ConfigurationService.swift; sourceTree = "<group>"; };
		34C52C7E2933E80600E772B6 /* ConfigurationAPI.swift */ = {isa = PBXFileReference; lastKnownFileType = sourcecode.swift; path = ConfigurationAPI.swift; sourceTree = "<group>"; };
		34DE1E88292D6B6B0083A577 /* Movies.app */ = {isa = PBXFileReference; explicitFileType = wrapper.application; includeInIndex = 0; path = Movies.app; sourceTree = BUILT_PRODUCTS_DIR; };
		34DE1E8B292D6B6B0083A577 /* AppDelegate.swift */ = {isa = PBXFileReference; lastKnownFileType = sourcecode.swift; path = AppDelegate.swift; sourceTree = "<group>"; };
		34DE1E8F292D6B6B0083A577 /* MoviesViewController.swift */ = {isa = PBXFileReference; lastKnownFileType = sourcecode.swift; path = MoviesViewController.swift; sourceTree = "<group>"; };
		34DE1E94292D6B6C0083A577 /* Assets.xcassets */ = {isa = PBXFileReference; lastKnownFileType = folder.assetcatalog; path = Assets.xcassets; sourceTree = "<group>"; };
		34DE1E97292D6B6C0083A577 /* Base */ = {isa = PBXFileReference; lastKnownFileType = file.storyboard; name = Base; path = Base.lproj/LaunchScreen.storyboard; sourceTree = "<group>"; };
		34DE1E99292D6B6C0083A577 /* Info.plist */ = {isa = PBXFileReference; lastKnownFileType = text.plist.xml; path = Info.plist; sourceTree = "<group>"; };
		34E5200C2930E662003B4F7A /* MovieDetailCoordinator.swift */ = {isa = PBXFileReference; lastKnownFileType = sourcecode.swift; path = MovieDetailCoordinator.swift; sourceTree = "<group>"; };
		34E5200E2930E8AA003B4F7A /* MovieDetailViewController.swift */ = {isa = PBXFileReference; lastKnownFileType = sourcecode.swift; path = MovieDetailViewController.swift; sourceTree = "<group>"; };
		3F66D207CB4D0B1371D72D14 /* Pods-Movies.debug.xcconfig */ = {isa = PBXFileReference; includeInIndex = 1; lastKnownFileType = text.xcconfig; name = "Pods-Movies.debug.xcconfig"; path = "Target Support Files/Pods-Movies/Pods-Movies.debug.xcconfig"; sourceTree = "<group>"; };
		DD5E2B517E1C6EE6EB164CE2 /* Pods_Movies.framework */ = {isa = PBXFileReference; explicitFileType = wrapper.framework; includeInIndex = 0; path = Pods_Movies.framework; sourceTree = BUILT_PRODUCTS_DIR; };
/* End PBXFileReference section */

/* Begin PBXFrameworksBuildPhase section */
		34DE1E85292D6B6B0083A577 /* Frameworks */ = {
			isa = PBXFrameworksBuildPhase;
			buildActionMask = 2147483647;
			files = (
				11873E9C34B69B00087003A3 /* Pods_Movies.framework in Frameworks */,
			);
			runOnlyForDeploymentPostprocessing = 0;
		};
/* End PBXFrameworksBuildPhase section */

/* Begin PBXGroup section */
		0D19DCDB05C71924F6E1328A /* Frameworks */ = {
			isa = PBXGroup;
			children = (
				DD5E2B517E1C6EE6EB164CE2 /* Pods_Movies.framework */,
			);
			name = Frameworks;
			sourceTree = "<group>";
		};
		34373BE8292E297400905319 /* MoviesList */ = {
			isa = PBXGroup;
			children = (
				34DE1E8F292D6B6B0083A577 /* MoviesViewController.swift */,
				34C52C6D2933CF0A00E772B6 /* MoviesViewController.xib */,
				34373C07292E9A2500905319 /* MoviesViewModel.swift */,
				34373BF1292E2C5000905319 /* MoviesListCoordinator.swift */,
				34373BFF292E7EF300905319 /* MovieListItem.swift */,
				34373C0B292EB59900905319 /* MovieListCell.swift */,
				34C52C6F2933D28F00E772B6 /* MovieListCell.xib */,
				34373C09292EA9C300905319 /* NoResultsCell.swift */,
				34C52C712933D93D00E772B6 /* NoResultsCell.xib */,
			);
			path = MoviesList;
			sourceTree = "<group>";
		};
		34373BE9292E298300905319 /* MovieDetail */ = {
			isa = PBXGroup;
			children = (
				34E5200C2930E662003B4F7A /* MovieDetailCoordinator.swift */,
				34E5200E2930E8AA003B4F7A /* MovieDetailViewController.swift */,
				347C2F3B29312F55003509F0 /* MovieDetailViewModel.swift */,
				34C52C752933DF8100E772B6 /* MovieDetailViewController.xib */,
				3441AE0A2931351B0055BFBE /* MovieDetailItem.swift */,
			);
			path = MovieDetail;
			sourceTree = "<group>";
		};
		34373BEA292E2B2000905319 /* Coordination */ = {
			isa = PBXGroup;
			children = (
				34373BEB292E2B3300905319 /* BaseCoordinator.swift */,
				34373BEF292E2B7600905319 /* AppCoordinator.swift */,
				34373BED292E2B4A00905319 /* Scene.swift */,
			);
			path = Coordination;
			sourceTree = "<group>";
		};
		34373BF3292E2F0F00905319 /* Utilities */ = {
			isa = PBXGroup;
			children = (
				34373BF4292E2F2200905319 /* RxExtensions.swift */,
			);
			path = Utilities;
			sourceTree = "<group>";
		};
		34373BF6292E2F9400905319 /* Network */ = {
			isa = PBXGroup;
			children = (
				34373BF7292E2FA200905319 /* NetworkProvider.swift */,
				34373BFB292E365100905319 /* NetworkProvider+Rx.swift */,
				34373BF9292E341500905319 /* RequestProtocol.swift */,
				34373BFD292E366400905319 /* NetworkResponse.swift */,
				34373C01292E80CA00905319 /* MoviesAPI.swift */,
				34373C03292E83FD00905319 /* MoviesService.swift */,
				34373C05292E89D200905319 /* MoviesListResponse.swift */,
				344BDD90292FB76D00FC8191 /* ConfigurationResponse.swift */,
				3441AE08293133F40055BFBE /* MovieDetailResponse.swift */,
				344BDD93292FB78000FC8191 /* Configuration.swift */,
				344BDD97292FC70A00FC8191 /* ImageUrlBuilder.swift */,
				34C52C7C2933E7FB00E772B6 /* ConfigurationService.swift */,
				34C52C7E2933E80600E772B6 /* ConfigurationAPI.swift */,
			);
			path = Network;
			sourceTree = "<group>";
		};
		34C52C772933E54600E772B6 /* Loading */ = {
			isa = PBXGroup;
			children = (
				34C52C782933E55900E772B6 /* LoadingViewController.swift */,
				34C52C7A2933E57B00E772B6 /* LoadingViewController.xib */,
			);
			path = Loading;
			sourceTree = "<group>";
		};
		34DE1E7F292D6B6B0083A577 = {
			isa = PBXGroup;
			children = (
				34DE1E8A292D6B6B0083A577 /* Movies */,
				34DE1E89292D6B6B0083A577 /* Products */,
				4CB886555B9438FBF37A8FB6 /* Pods */,
				0D19DCDB05C71924F6E1328A /* Frameworks */,
			);
			sourceTree = "<group>";
		};
		34DE1E89292D6B6B0083A577 /* Products */ = {
			isa = PBXGroup;
			children = (
				34DE1E88292D6B6B0083A577 /* Movies.app */,
			);
			name = Products;
			sourceTree = "<group>";
		};
		34DE1E8A292D6B6B0083A577 /* Movies */ = {
			isa = PBXGroup;
			children = (
				34373BE6292E209D00905319 /* R.generated.swift */,
				34DE1E8B292D6B6B0083A577 /* AppDelegate.swift */,
				34C52C772933E54600E772B6 /* Loading */,
				34373BF6292E2F9400905319 /* Network */,
				34373BF3292E2F0F00905319 /* Utilities */,
				34373BEA292E2B2000905319 /* Coordination */,
				34373BE9292E298300905319 /* MovieDetail */,
				34373BE8292E297400905319 /* MoviesList */,
				34DE1E94292D6B6C0083A577 /* Assets.xcassets */,
				34DE1E96292D6B6C0083A577 /* LaunchScreen.storyboard */,
				34DE1E99292D6B6C0083A577 /* Info.plist */,
			);
			path = Movies;
			sourceTree = "<group>";
		};
		4CB886555B9438FBF37A8FB6 /* Pods */ = {
			isa = PBXGroup;
			children = (
				3F66D207CB4D0B1371D72D14 /* Pods-Movies.debug.xcconfig */,
				18550ABEB1BE3E179BCB442A /* Pods-Movies.release.xcconfig */,
			);
			path = Pods;
			sourceTree = "<group>";
		};
/* End PBXGroup section */

/* Begin PBXNativeTarget section */
		34DE1E87292D6B6B0083A577 /* Movies */ = {
			isa = PBXNativeTarget;
			buildConfigurationList = 34DE1E9C292D6B6C0083A577 /* Build configuration list for PBXNativeTarget "Movies" */;
			buildPhases = (
				9EBCB443D6BF22A04F96C8C5 /* [CP] Check Pods Manifest.lock */,
				34373BE5292E203500905319 /* ShellScript */,
				34DE1E84292D6B6B0083A577 /* Sources */,
				34DE1E85292D6B6B0083A577 /* Frameworks */,
				34DE1E86292D6B6B0083A577 /* Resources */,
				3D1C652A73EA73E7E67A4ED5 /* [CP] Embed Pods Frameworks */,
			);
			buildRules = (
			);
			dependencies = (
			);
			name = Movies;
			productName = Movies;
			productReference = 34DE1E88292D6B6B0083A577 /* Movies.app */;
			productType = "com.apple.product-type.application";
		};
/* End PBXNativeTarget section */

/* Begin PBXProject section */
		34DE1E80292D6B6B0083A577 /* Project object */ = {
			isa = PBXProject;
			attributes = {
				BuildIndependentTargetsInParallel = 1;
				LastSwiftUpdateCheck = 1410;
				LastUpgradeCheck = 1410;
				TargetAttributes = {
					34DE1E87292D6B6B0083A577 = {
						CreatedOnToolsVersion = 14.1;
					};
				};
			};
			buildConfigurationList = 34DE1E83292D6B6B0083A577 /* Build configuration list for PBXProject "Movies" */;
			compatibilityVersion = "Xcode 13.0";
			developmentRegion = en;
			hasScannedForEncodings = 0;
			knownRegions = (
				en,
				Base,
			);
			mainGroup = 34DE1E7F292D6B6B0083A577;
			productRefGroup = 34DE1E89292D6B6B0083A577 /* Products */;
			projectDirPath = "";
			projectRoot = "";
			targets = (
				34DE1E87292D6B6B0083A577 /* Movies */,
			);
		};
/* End PBXProject section */

/* Begin PBXResourcesBuildPhase section */
		34DE1E86292D6B6B0083A577 /* Resources */ = {
			isa = PBXResourcesBuildPhase;
			buildActionMask = 2147483647;
			files = (
				34C52C7B2933E57B00E772B6 /* LoadingViewController.xib in Resources */,
				34C52C762933DF8100E772B6 /* MovieDetailViewController.xib in Resources */,
				34DE1E98292D6B6C0083A577 /* LaunchScreen.storyboard in Resources */,
				34DE1E95292D6B6C0083A577 /* Assets.xcassets in Resources */,
				34C52C722933D93D00E772B6 /* NoResultsCell.xib in Resources */,
				34C52C702933D28F00E772B6 /* MovieListCell.xib in Resources */,
				34C52C6E2933CF0A00E772B6 /* MoviesViewController.xib in Resources */,
			);
			runOnlyForDeploymentPostprocessing = 0;
		};
/* End PBXResourcesBuildPhase section */

/* Begin PBXShellScriptBuildPhase section */
		34373BE5292E203500905319 /* ShellScript */ = {
			isa = PBXShellScriptBuildPhase;
			alwaysOutOfDate = 1;
			buildActionMask = 2147483647;
			files = (
			);
			inputFileListPaths = (
			);
			inputPaths = (
			);
			outputFileListPaths = (
			);
			outputPaths = (
				$SRCROOT/R.generated.swift,
			);
			runOnlyForDeploymentPostprocessing = 0;
			shellPath = /bin/sh;
			shellScript = "# Type a script or drag a script file from your workspace to insert its path.\n\"$PODS_ROOT/R.swift/rswift\" generate \"$SRCROOT/R.generated.swift\"\n";
		};
		3D1C652A73EA73E7E67A4ED5 /* [CP] Embed Pods Frameworks */ = {
			isa = PBXShellScriptBuildPhase;
			buildActionMask = 2147483647;
			files = (
			);
			inputFileListPaths = (
				"${PODS_ROOT}/Target Support Files/Pods-Movies/Pods-Movies-frameworks-${CONFIGURATION}-input-files.xcfilelist",
			);
			name = "[CP] Embed Pods Frameworks";
			outputFileListPaths = (
				"${PODS_ROOT}/Target Support Files/Pods-Movies/Pods-Movies-frameworks-${CONFIGURATION}-output-files.xcfilelist",
			);
			runOnlyForDeploymentPostprocessing = 0;
			shellPath = /bin/sh;
			shellScript = "\"${PODS_ROOT}/Target Support Files/Pods-Movies/Pods-Movies-frameworks.sh\"\n";
			showEnvVarsInLog = 0;
		};
		9EBCB443D6BF22A04F96C8C5 /* [CP] Check Pods Manifest.lock */ = {
			isa = PBXShellScriptBuildPhase;
			buildActionMask = 2147483647;
			files = (
			);
			inputFileListPaths = (
			);
			inputPaths = (
				"${PODS_PODFILE_DIR_PATH}/Podfile.lock",
				"${PODS_ROOT}/Manifest.lock",
			);
			name = "[CP] Check Pods Manifest.lock";
			outputFileListPaths = (
			);
			outputPaths = (
				"$(DERIVED_FILE_DIR)/Pods-Movies-checkManifestLockResult.txt",
			);
			runOnlyForDeploymentPostprocessing = 0;
			shellPath = /bin/sh;
			shellScript = "diff \"${PODS_PODFILE_DIR_PATH}/Podfile.lock\" \"${PODS_ROOT}/Manifest.lock\" > /dev/null\nif [ $? != 0 ] ; then\n    # print error to STDERR\n    echo \"error: The sandbox is not in sync with the Podfile.lock. Run 'pod install' or update your CocoaPods installation.\" >&2\n    exit 1\nfi\n# This output is used by Xcode 'outputs' to avoid re-running this script phase.\necho \"SUCCESS\" > \"${SCRIPT_OUTPUT_FILE_0}\"\n";
			showEnvVarsInLog = 0;
		};
/* End PBXShellScriptBuildPhase section */

/* Begin PBXSourcesBuildPhase section */
		34DE1E84292D6B6B0083A577 /* Sources */ = {
			isa = PBXSourcesBuildPhase;
			buildActionMask = 2147483647;
			files = (
				34373BFC292E365100905319 /* NetworkProvider+Rx.swift in Sources */,
				34373C06292E89D200905319 /* MoviesListResponse.swift in Sources */,
				34373C08292E9A2500905319 /* MoviesViewModel.swift in Sources */,
				34373BF0292E2B7600905319 /* AppCoordinator.swift in Sources */,
				34E5200F2930E8AA003B4F7A /* MovieDetailViewController.swift in Sources */,
				3441AE0B2931351B0055BFBE /* MovieDetailItem.swift in Sources */,
				34E5200D2930E662003B4F7A /* MovieDetailCoordinator.swift in Sources */,
				34C52C792933E55900E772B6 /* LoadingViewController.swift in Sources */,
				34DE1E90292D6B6B0083A577 /* MoviesViewController.swift in Sources */,
				34373C00292E7EF300905319 /* MovieListItem.swift in Sources */,
				34C52C7D2933E7FB00E772B6 /* ConfigurationService.swift in Sources */,
				34373C0C292EB59900905319 /* MovieListCell.swift in Sources */,
				34373BF8292E2FA200905319 /* NetworkProvider.swift in Sources */,
				34373BF2292E2C5000905319 /* MoviesListCoordinator.swift in Sources */,
				344BDD94292FB78000FC8191 /* Configuration.swift in Sources */,
				34C52C7F2933E80600E772B6 /* ConfigurationAPI.swift in Sources */,
				34373BFE292E366400905319 /* NetworkResponse.swift in Sources */,
				34373C0A292EA9C300905319 /* NoResultsCell.swift in Sources */,
				34373C02292E80CA00905319 /* MoviesAPI.swift in Sources */,
				34DE1E8C292D6B6B0083A577 /* AppDelegate.swift in Sources */,
				3441AE09293133F40055BFBE /* MovieDetailResponse.swift in Sources */,
				34373BEE292E2B4A00905319 /* Scene.swift in Sources */,
				34373BE7292E209D00905319 /* R.generated.swift in Sources */,
				34373C04292E83FD00905319 /* MoviesService.swift in Sources */,
				34373BEC292E2B3300905319 /* BaseCoordinator.swift in Sources */,
				344BDD91292FB76D00FC8191 /* ConfigurationResponse.swift in Sources */,
				347C2F3C29312F55003509F0 /* MovieDetailViewModel.swift in Sources */,
				34373BF5292E2F2200905319 /* RxExtensions.swift in Sources */,
				34373BFA292E341500905319 /* RequestProtocol.swift in Sources */,
				344BDD98292FC70A00FC8191 /* ImageUrlBuilder.swift in Sources */,
			);
			runOnlyForDeploymentPostprocessing = 0;
		};
/* End PBXSourcesBuildPhase section */

/* Begin PBXVariantGroup section */
		34DE1E96292D6B6C0083A577 /* LaunchScreen.storyboard */ = {
			isa = PBXVariantGroup;
			children = (
				34DE1E97292D6B6C0083A577 /* Base */,
			);
			name = LaunchScreen.storyboard;
			sourceTree = "<group>";
		};
/* End PBXVariantGroup section */

/* Begin XCBuildConfiguration section */
		34DE1E9A292D6B6C0083A577 /* Debug */ = {
			isa = XCBuildConfiguration;
			buildSettings = {
				ALWAYS_SEARCH_USER_PATHS = NO;
				CLANG_ANALYZER_NONNULL = YES;
				CLANG_ANALYZER_NUMBER_OBJECT_CONVERSION = YES_AGGRESSIVE;
				CLANG_CXX_LANGUAGE_STANDARD = "gnu++20";
				CLANG_ENABLE_MODULES = YES;
				CLANG_ENABLE_OBJC_ARC = YES;
				CLANG_ENABLE_OBJC_WEAK = YES;
				CLANG_WARN_BLOCK_CAPTURE_AUTORELEASING = YES;
				CLANG_WARN_BOOL_CONVERSION = YES;
				CLANG_WARN_COMMA = YES;
				CLANG_WARN_CONSTANT_CONVERSION = YES;
				CLANG_WARN_DEPRECATED_OBJC_IMPLEMENTATIONS = YES;
				CLANG_WARN_DIRECT_OBJC_ISA_USAGE = YES_ERROR;
				CLANG_WARN_DOCUMENTATION_COMMENTS = YES;
				CLANG_WARN_EMPTY_BODY = YES;
				CLANG_WARN_ENUM_CONVERSION = YES;
				CLANG_WARN_INFINITE_RECURSION = YES;
				CLANG_WARN_INT_CONVERSION = YES;
				CLANG_WARN_NON_LITERAL_NULL_CONVERSION = YES;
				CLANG_WARN_OBJC_IMPLICIT_RETAIN_SELF = YES;
				CLANG_WARN_OBJC_LITERAL_CONVERSION = YES;
				CLANG_WARN_OBJC_ROOT_CLASS = YES_ERROR;
				CLANG_WARN_QUOTED_INCLUDE_IN_FRAMEWORK_HEADER = YES;
				CLANG_WARN_RANGE_LOOP_ANALYSIS = YES;
				CLANG_WARN_STRICT_PROTOTYPES = YES;
				CLANG_WARN_SUSPICIOUS_MOVE = YES;
				CLANG_WARN_UNGUARDED_AVAILABILITY = YES_AGGRESSIVE;
				CLANG_WARN_UNREACHABLE_CODE = YES;
				CLANG_WARN__DUPLICATE_METHOD_MATCH = YES;
				COPY_PHASE_STRIP = NO;
				DEBUG_INFORMATION_FORMAT = dwarf;
				ENABLE_STRICT_OBJC_MSGSEND = YES;
				ENABLE_TESTABILITY = YES;
				GCC_C_LANGUAGE_STANDARD = gnu11;
				GCC_DYNAMIC_NO_PIC = NO;
				GCC_NO_COMMON_BLOCKS = YES;
				GCC_OPTIMIZATION_LEVEL = 0;
				GCC_PREPROCESSOR_DEFINITIONS = (
					"DEBUG=1",
					"$(inherited)",
				);
				GCC_WARN_64_TO_32_BIT_CONVERSION = YES;
				GCC_WARN_ABOUT_RETURN_TYPE = YES_ERROR;
				GCC_WARN_UNDECLARED_SELECTOR = YES;
				GCC_WARN_UNINITIALIZED_AUTOS = YES_AGGRESSIVE;
				GCC_WARN_UNUSED_FUNCTION = YES;
				GCC_WARN_UNUSED_VARIABLE = YES;
				IPHONEOS_DEPLOYMENT_TARGET = 16.1;
				MTL_ENABLE_DEBUG_INFO = INCLUDE_SOURCE;
				MTL_FAST_MATH = YES;
				ONLY_ACTIVE_ARCH = YES;
				SDKROOT = iphoneos;
				SWIFT_ACTIVE_COMPILATION_CONDITIONS = DEBUG;
				SWIFT_OPTIMIZATION_LEVEL = "-Onone";
			};
			name = Debug;
		};
		34DE1E9B292D6B6C0083A577 /* Release */ = {
			isa = XCBuildConfiguration;
			buildSettings = {
				ALWAYS_SEARCH_USER_PATHS = NO;
				CLANG_ANALYZER_NONNULL = YES;
				CLANG_ANALYZER_NUMBER_OBJECT_CONVERSION = YES_AGGRESSIVE;
				CLANG_CXX_LANGUAGE_STANDARD = "gnu++20";
				CLANG_ENABLE_MODULES = YES;
				CLANG_ENABLE_OBJC_ARC = YES;
				CLANG_ENABLE_OBJC_WEAK = YES;
				CLANG_WARN_BLOCK_CAPTURE_AUTORELEASING = YES;
				CLANG_WARN_BOOL_CONVERSION = YES;
				CLANG_WARN_COMMA = YES;
				CLANG_WARN_CONSTANT_CONVERSION = YES;
				CLANG_WARN_DEPRECATED_OBJC_IMPLEMENTATIONS = YES;
				CLANG_WARN_DIRECT_OBJC_ISA_USAGE = YES_ERROR;
				CLANG_WARN_DOCUMENTATION_COMMENTS = YES;
				CLANG_WARN_EMPTY_BODY = YES;
				CLANG_WARN_ENUM_CONVERSION = YES;
				CLANG_WARN_INFINITE_RECURSION = YES;
				CLANG_WARN_INT_CONVERSION = YES;
				CLANG_WARN_NON_LITERAL_NULL_CONVERSION = YES;
				CLANG_WARN_OBJC_IMPLICIT_RETAIN_SELF = YES;
				CLANG_WARN_OBJC_LITERAL_CONVERSION = YES;
				CLANG_WARN_OBJC_ROOT_CLASS = YES_ERROR;
				CLANG_WARN_QUOTED_INCLUDE_IN_FRAMEWORK_HEADER = YES;
				CLANG_WARN_RANGE_LOOP_ANALYSIS = YES;
				CLANG_WARN_STRICT_PROTOTYPES = YES;
				CLANG_WARN_SUSPICIOUS_MOVE = YES;
				CLANG_WARN_UNGUARDED_AVAILABILITY = YES_AGGRESSIVE;
				CLANG_WARN_UNREACHABLE_CODE = YES;
				CLANG_WARN__DUPLICATE_METHOD_MATCH = YES;
				COPY_PHASE_STRIP = NO;
				DEBUG_INFORMATION_FORMAT = "dwarf-with-dsym";
				ENABLE_NS_ASSERTIONS = NO;
				ENABLE_STRICT_OBJC_MSGSEND = YES;
				GCC_C_LANGUAGE_STANDARD = gnu11;
				GCC_NO_COMMON_BLOCKS = YES;
				GCC_WARN_64_TO_32_BIT_CONVERSION = YES;
				GCC_WARN_ABOUT_RETURN_TYPE = YES_ERROR;
				GCC_WARN_UNDECLARED_SELECTOR = YES;
				GCC_WARN_UNINITIALIZED_AUTOS = YES_AGGRESSIVE;
				GCC_WARN_UNUSED_FUNCTION = YES;
				GCC_WARN_UNUSED_VARIABLE = YES;
				IPHONEOS_DEPLOYMENT_TARGET = 16.1;
				MTL_ENABLE_DEBUG_INFO = NO;
				MTL_FAST_MATH = YES;
				SDKROOT = iphoneos;
				SWIFT_COMPILATION_MODE = wholemodule;
				SWIFT_OPTIMIZATION_LEVEL = "-O";
				VALIDATE_PRODUCT = YES;
			};
			name = Release;
		};
		34DE1E9D292D6B6C0083A577 /* Debug */ = {
			isa = XCBuildConfiguration;
			baseConfigurationReference = 3F66D207CB4D0B1371D72D14 /* Pods-Movies.debug.xcconfig */;
			buildSettings = {
				ASSETCATALOG_COMPILER_APPICON_NAME = AppIcon;
				ASSETCATALOG_COMPILER_GLOBAL_ACCENT_COLOR_NAME = AccentColor;
				CODE_SIGN_STYLE = Automatic;
				CURRENT_PROJECT_VERSION = 1;
				GENERATE_INFOPLIST_FILE = YES;
				INFOPLIST_FILE = Movies/Info.plist;
				INFOPLIST_KEY_UIApplicationSupportsIndirectInputEvents = YES;
				INFOPLIST_KEY_UILaunchStoryboardName = LaunchScreen;
				INFOPLIST_KEY_UIStatusBarStyle = "";
				INFOPLIST_KEY_UISupportedInterfaceOrientations = UIInterfaceOrientationPortrait;
				IPHONEOS_DEPLOYMENT_TARGET = 16.0;
				LD_RUNPATH_SEARCH_PATHS = (
					"$(inherited)",
					"@executable_path/Frameworks",
				);
				MARKETING_VERSION = 1.0;
				PRODUCT_BUNDLE_IDENTIFIER = anton.Movies;
				PRODUCT_NAME = "$(TARGET_NAME)";
				SWIFT_EMIT_LOC_STRINGS = YES;
				SWIFT_VERSION = 5.0;
				TARGETED_DEVICE_FAMILY = "1,2";
			};
			name = Debug;
		};
		34DE1E9E292D6B6C0083A577 /* Release */ = {
			isa = XCBuildConfiguration;
			baseConfigurationReference = 18550ABEB1BE3E179BCB442A /* Pods-Movies.release.xcconfig */;
			buildSettings = {
				ASSETCATALOG_COMPILER_APPICON_NAME = AppIcon;
				ASSETCATALOG_COMPILER_GLOBAL_ACCENT_COLOR_NAME = AccentColor;
				CODE_SIGN_STYLE = Automatic;
				CURRENT_PROJECT_VERSION = 1;
				GENERATE_INFOPLIST_FILE = YES;
				INFOPLIST_FILE = Movies/Info.plist;
				INFOPLIST_KEY_UIApplicationSupportsIndirectInputEvents = YES;
				INFOPLIST_KEY_UILaunchStoryboardName = LaunchScreen;
				INFOPLIST_KEY_UIStatusBarStyle = "";
				INFOPLIST_KEY_UISupportedInterfaceOrientations = UIInterfaceOrientationPortrait;
				IPHONEOS_DEPLOYMENT_TARGET = 16.0;
				LD_RUNPATH_SEARCH_PATHS = (
					"$(inherited)",
					"@executable_path/Frameworks",
				);
				MARKETING_VERSION = 1.0;
				PRODUCT_BUNDLE_IDENTIFIER = anton.Movies;
				PRODUCT_NAME = "$(TARGET_NAME)";
				SWIFT_EMIT_LOC_STRINGS = YES;
				SWIFT_VERSION = 5.0;
				TARGETED_DEVICE_FAMILY = "1,2";
			};
			name = Release;
		};
/* End XCBuildConfiguration section */

/* Begin XCConfigurationList section */
		34DE1E83292D6B6B0083A577 /* Build configuration list for PBXProject "Movies" */ = {
			isa = XCConfigurationList;
			buildConfigurations = (
				34DE1E9A292D6B6C0083A577 /* Debug */,
				34DE1E9B292D6B6C0083A577 /* Release */,
			);
			defaultConfigurationIsVisible = 0;
			defaultConfigurationName = Release;
		};
		34DE1E9C292D6B6C0083A577 /* Build configuration list for PBXNativeTarget "Movies" */ = {
			isa = XCConfigurationList;
			buildConfigurations = (
				34DE1E9D292D6B6C0083A577 /* Debug */,
				34DE1E9E292D6B6C0083A577 /* Release */,
			);
			defaultConfigurationIsVisible = 0;
			defaultConfigurationName = Release;
		};
/* End XCConfigurationList section */
	};
	rootObject = 34DE1E80292D6B6B0083A577 /* Project object */;
}
